
Microsoft Visual Studio Solution File, Format Version 12.00
# Visual Studio 15
VisualStudioVersion = 15.0.28010.2036
MinimumVisualStudioVersion = 10.0.40219.1
Project("{FAE04EC0-301F-11D3-BF4B-00C04F79EFBC}") = "home_18", "home_18\home_18.csproj", "{E4D9A59A-7737-4E66-8CEF-901142CED6A1}"
EndProject
Project("{FAE04EC0-301F-11D3-BF4B-00C04F79EFBC}") = "home_19", "home_19\home_19.csproj", "{37966380-0FC6-46B7-9ECB-324657359F26}"
EndProject
Project("{FAE04EC0-301F-11D3-BF4B-00C04F79EFBC}") = "home_21", "home_20\home_21.csproj", "{8871179F-B9D2-4464-9A8E-EF1384FF6511}"
EndProject
Project("{FAE04EC0-301F-11D3-BF4B-00C04F79EFBC}") = "Home_22", "Home_22\Home_22.csproj", "{12952934-AE46-4426-84E0-4BBBCF655917}"
EndProject
Project("{FAE04EC0-301F-11D3-BF4B-00C04F79EFBC}") = "home_23", "home_23\home_23.csproj", "{2E7B1918-676B-4450-AEB2-AEA6081845E9}"
EndProject
Project("{FAE04EC0-301F-11D3-BF4B-00C04F79EFBC}") = "home_24", "home_24\home_24.csproj", "{A7D99E9B-695D-41A9-AE42-D715548C5DBE}"
EndProject
Project("{FAE04EC0-301F-11D3-BF4B-00C04F79EFBC}") = "home-17", "home-17\home-17.csproj", "{1FF8E4FE-F45D-4498-BAAB-C0C21D743C1E}"
EndProject
Project("{FAE04EC0-301F-11D3-BF4B-00C04F79EFBC}") = "home_16", "home_16\home_16.csproj", "{23AFA61F-ECE9-49D8-B676-EF3F5D8116EE}"
EndProject
Project("{FAE04EC0-301F-11D3-BF4B-00C04F79EFBC}") = "home_28", "home_28\home_28.csproj", "{490B41F5-5907-461A-BC8C-355A1537B291}"
EndProject
Project("{FAE04EC0-301F-11D3-BF4B-00C04F79EFBC}") = "home_29", "home_29\home_29.csproj", "{DFBB46E3-4FEF-4839-BDFF-36398FC9450F}"
EndProject
Global
	GlobalSection(SolutionConfigurationPlatforms) = preSolution
		Debug|Any CPU = Debug|Any CPU
		Release|Any CPU = Release|Any CPU
	EndGlobalSection
	GlobalSection(ProjectConfigurationPlatforms) = postSolution
		{E4D9A59A-7737-4E66-8CEF-901142CED6A1}.Debug|Any CPU.ActiveCfg = Debug|Any CPU
		{E4D9A59A-7737-4E66-8CEF-901142CED6A1}.Debug|Any CPU.Build.0 = Debug|Any CPU
		{E4D9A59A-7737-4E66-8CEF-901142CED6A1}.Release|Any CPU.ActiveCfg = Release|Any CPU
		{E4D9A59A-7737-4E66-8CEF-901142CED6A1}.Release|Any CPU.Build.0 = Release|Any CPU
		{37966380-0FC6-46B7-9ECB-324657359F26}.Debug|Any CPU.ActiveCfg = Debug|Any CPU
		{37966380-0FC6-46B7-9ECB-324657359F26}.Debug|Any CPU.Build.0 = Debug|Any CPU
		{37966380-0FC6-46B7-9ECB-324657359F26}.Release|Any CPU.ActiveCfg = Release|Any CPU
		{37966380-0FC6-46B7-9ECB-324657359F26}.Release|Any CPU.Build.0 = Release|Any CPU
		{8871179F-B9D2-4464-9A8E-EF1384FF6511}.Debug|Any CPU.ActiveCfg = Debug|Any CPU
		{8871179F-B9D2-4464-9A8E-EF1384FF6511}.Debug|Any CPU.Build.0 = Debug|Any CPU
		{8871179F-B9D2-4464-9A8E-EF1384FF6511}.Release|Any CPU.ActiveCfg = Release|Any CPU
		{8871179F-B9D2-4464-9A8E-EF1384FF6511}.Release|Any CPU.Build.0 = Release|Any CPU
		{12952934-AE46-4426-84E0-4BBBCF655917}.Debug|Any CPU.ActiveCfg = Debug|Any CPU
		{12952934-AE46-4426-84E0-4BBBCF655917}.Debug|Any CPU.Build.0 = Debug|Any CPU
		{12952934-AE46-4426-84E0-4BBBCF655917}.Release|Any CPU.ActiveCfg = Release|Any CPU
		{12952934-AE46-4426-84E0-4BBBCF655917}.Release|Any CPU.Build.0 = Release|Any CPU
		{2E7B1918-676B-4450-AEB2-AEA6081845E9}.Debug|Any CPU.ActiveCfg = Debug|Any CPU
		{2E7B1918-676B-4450-AEB2-AEA6081845E9}.Debug|Any CPU.Build.0 = Debug|Any CPU
		{2E7B1918-676B-4450-AEB2-AEA6081845E9}.Release|Any CPU.ActiveCfg = Release|Any CPU
		{2E7B1918-676B-4450-AEB2-AEA6081845E9}.Release|Any CPU.Build.0 = Release|Any CPU
		{A7D99E9B-695D-41A9-AE42-D715548C5DBE}.Debug|Any CPU.ActiveCfg = Debug|Any CPU
		{A7D99E9B-695D-41A9-AE42-D715548C5DBE}.Debug|Any CPU.Build.0 = Debug|Any CPU
		{A7D99E9B-695D-41A9-AE42-D715548C5DBE}.Release|Any CPU.ActiveCfg = Release|Any CPU
		{A7D99E9B-695D-41A9-AE42-D715548C5DBE}.Release|Any CPU.Build.0 = Release|Any CPU
		{1FF8E4FE-F45D-4498-BAAB-C0C21D743C1E}.Debug|Any CPU.ActiveCfg = Debug|Any CPU
		{1FF8E4FE-F45D-4498-BAAB-C0C21D743C1E}.Debug|Any CPU.Build.0 = Debug|Any CPU
		{1FF8E4FE-F45D-4498-BAAB-C0C21D743C1E}.Release|Any CPU.ActiveCfg = Release|Any CPU
		{1FF8E4FE-F45D-4498-BAAB-C0C21D743C1E}.Release|Any CPU.Build.0 = Release|Any CPU
		{23AFA61F-ECE9-49D8-B676-EF3F5D8116EE}.Debug|Any CPU.ActiveCfg = Debug|Any CPU
		{23AFA61F-ECE9-49D8-B676-EF3F5D8116EE}.Debug|Any CPU.Build.0 = Debug|Any CPU
		{23AFA61F-ECE9-49D8-B676-EF3F5D8116EE}.Release|Any CPU.ActiveCfg = Release|Any CPU
		{23AFA61F-ECE9-49D8-B676-EF3F5D8116EE}.Release|Any CPU.Build.0 = Release|Any CPU
		{490B41F5-5907-461A-BC8C-355A1537B291}.Debug|Any CPU.ActiveCfg = Debug|Any CPU
		{490B41F5-5907-461A-BC8C-355A1537B291}.Debug|Any CPU.Build.0 = Debug|Any CPU
		{490B41F5-5907-461A-BC8C-355A1537B291}.Release|Any CPU.ActiveCfg = Release|Any CPU
		{490B41F5-5907-461A-BC8C-355A1537B291}.Release|Any CPU.Build.0 = Release|Any CPU
		{DFBB46E3-4FEF-4839-BDFF-36398FC9450F}.Debug|Any CPU.ActiveCfg = Debug|Any CPU
		{DFBB46E3-4FEF-4839-BDFF-36398FC9450F}.Debug|Any CPU.Build.0 = Debug|Any CPU
		{DFBB46E3-4FEF-4839-BDFF-36398FC9450F}.Release|Any CPU.ActiveCfg = Release|Any CPU
		{DFBB46E3-4FEF-4839-BDFF-36398FC9450F}.Release|Any CPU.Build.0 = Release|Any CPU
	EndGlobalSection
	GlobalSection(SolutionProperties) = preSolution
		HideSolutionNode = FALSE
	EndGlobalSection
	GlobalSection(ExtensibilityGlobals) = postSolution
		SolutionGuid = {09FD0AB3-7E99-4BD6-8E99-6AE1FB34AF65}
	EndGlobalSection
EndGlobal
