
Microsoft Visual Studio Solution File, Format Version 12.00
# Visual Studio 15
VisualStudioVersion = 15.0.28010.2036
MinimumVisualStudioVersion = 10.0.40219.1
Project("{FAE04EC0-301F-11D3-BF4B-00C04F79EFBC}") = "metod recursia", "metod recursia\metod recursia.csproj", "{40B2E76C-854C-43E8-AD07-33124B679729}"
EndProject
Global
	GlobalSection(SolutionConfigurationPlatforms) = preSolution
		Debug|Any CPU = Debug|Any CPU
		Release|Any CPU = Release|Any CPU
	EndGlobalSection
	GlobalSection(ProjectConfigurationPlatforms) = postSolution
		{40B2E76C-854C-43E8-AD07-33124B679729}.Debug|Any CPU.ActiveCfg = Debug|Any CPU
		{40B2E76C-854C-43E8-AD07-33124B679729}.Debug|Any CPU.Build.0 = Debug|Any CPU
		{40B2E76C-854C-43E8-AD07-33124B679729}.Release|Any CPU.ActiveCfg = Release|Any CPU
		{40B2E76C-854C-43E8-AD07-33124B679729}.Release|Any CPU.Build.0 = Release|Any CPU
	EndGlobalSection
	GlobalSection(SolutionProperties) = preSolution
		HideSolutionNode = FALSE
	EndGlobalSection
	GlobalSection(ExtensibilityGlobals) = postSolution
		SolutionGuid = {AD1848D7-1C41-4EAB-90AE-6DFAFC94E985}
	EndGlobalSection
EndGlobal
